# DO NOT EDIT MANUALLY - Managed by Fern Replay
version: "1.0"
generations:
  - commit_sha: 0bcc7d0d3cf8d9c63f5a0c8cd4a59cb2c2e81f81
    tree_hash: 551f37e3aa0343f421cf048ceda95e288f1d1ef5
    timestamp: 2026-08-19T16:01:34.881Z
    cli_version: unknown
    generator_versions: {}
current_generation: 0bcc7d0d3cf8d9c63f5a0c8cd4a59cb2c2e81f81
patches: []
